
Microsoft Visual Studio Solution File, Format Version 12.00
# Visual Studio Version 17
VisualStudioVersion = 17.10.34928.147
MinimumVisualStudioVersion = 10.0.40219.1
Project("{9A19103F-16F7-4668-BE54-9A1E7A4F7556}") = "Starlight Tool", "src\Starlight Tool.csproj", "{88AD577B-08F9-419C-AFB6-B205E7590AD8}"
EndProject
Global
	GlobalSection(SolutionConfigurationPlatforms) = preSolution
		Debug|Any CPU = Debug|Any CPU
		Release|Any CPU = Release|Any CPU
	EndGlobalSection
	GlobalSection(ProjectConfigurationPlatforms) = postSolution
		{88AD577B-08F9-419C-AFB6-B205E7590AD8}.Debug|Any CPU.ActiveCfg = Debug|Any CPU
		{88AD577B-08F9-419C-AFB6-B205E7590AD8}.Debug|Any CPU.Build.0 = Debug|Any CPU
		{88AD577B-08F9-419C-AFB6-B205E7590AD8}.Release|Any CPU.ActiveCfg = Release|Any CPU
		{88AD577B-08F9-419C-AFB6-B205E7590AD8}.Release|Any CPU.Build.0 = Release|Any CPU
	EndGlobalSection
	GlobalSection(SolutionProperties) = preSolution
		HideSolutionNode = FALSE
	EndGlobalSection
	GlobalSection(ExtensibilityGlobals) = postSolution
		SolutionGuid = {15DE0F0C-713B-4A77-8DB4-E1D0D9E74A7E}
	EndGlobalSection
EndGlobal
